Microsoft Visual Studio Solution File, Format Version 12.00
# Visual Studio Version 17
VisualStudioVersion = 17.13.35931.197
MinimumVisualStudioVersion = 10.0.40219.1
Project("{FAE04EC0-301F-11D3-BF4B-00C04F79EFBC}") = "FishingPredictor", "FishingPredictor.csproj", "{4E6E4681-3917-4FA0-A835-CF836D110F01}"
EndProject
Global
	GlobalSection(SolutionConfigurationPlatforms) = preSolution
		Debug|Any CPU = Debug|Any CPU
		Release|Any CPU = Release|Any CPU
	EndGlobalSection
	GlobalSection(ProjectConfigurationPlatforms) = postSolution
		{4E6E4681-3917-4FA0-A835-CF836D110F01}.Debug|Any CPU.ActiveCfg = Debug|Any CPU
		{4E6E4681-3917-4FA0-A835-CF836D110F01}.Debug|Any CPU.Build.0 = Debug|Any CPU
		{4E6E4681-3917-4FA0-A835-CF836D110F01}.Release|Any CPU.ActiveCfg = Release|Any CPU
		{4E6E4681-3917-4FA0-A835-CF836D110F01}.Release|Any CPU.Build.0 = Release|Any CPU
	EndGlobalSection
	GlobalSection(SolutionProperties) = preSolution
		HideSolutionNode = FALSE
	EndGlobalSection
	GlobalSection(ExtensibilityGlobals) = postSolution
		SolutionGuid = {C7DAD656-36F0-4874-8FA1-C4758D63FFBA}
	EndGlobalSection
EndGlobal
